
Microsoft Visual Studio Solution File, Format Version 12.00
# Visual Studio Version 17
VisualStudioVersion = 17.8.34601.278
MinimumVisualStudioVersion = 10.0.40219.1
Project("{9A19103F-16F7-4668-BE54-9A1E7A4F7556}") = "01. Count Letters", "01. Count Letters\01. Count Letters.csproj", "{33AC0CC8-C073-401C-9597-5B3D0FAD12A0}"
EndProject
Project("{9A19103F-16F7-4668-BE54-9A1E7A4F7556}") = "02. Max-Min in Range", "02. Max-Min in Range\02. Max-Min in Range.csproj", "{8DFA2C08-AD85-4EEC-BCF7-FC61EDFB1EB9}"
EndProject
Project("{FAE04EC0-301F-11D3-BF4B-00C04F79EFBC}") = "Ttest", "Ttest\Ttest.csproj", "{B1D65257-4404-45EE-A6D7-DFB8CDD79A67}"
EndProject
Global
	GlobalSection(SolutionConfigurationPlatforms) = preSolution
		Debug|Any CPU = Debug|Any CPU
		Release|Any CPU = Release|Any CPU
	EndGlobalSection
	GlobalSection(ProjectConfigurationPlatforms) = postSolution
		{33AC0CC8-C073-401C-9597-5B3D0FAD12A0}.Debug|Any CPU.ActiveCfg = Debug|Any CPU
		{33AC0CC8-C073-401C-9597-5B3D0FAD12A0}.Debug|Any CPU.Build.0 = Debug|Any CPU
		{33AC0CC8-C073-401C-9597-5B3D0FAD12A0}.Release|Any CPU.ActiveCfg = Release|Any CPU
		{33AC0CC8-C073-401C-9597-5B3D0FAD12A0}.Release|Any CPU.Build.0 = Release|Any CPU
		{8DFA2C08-AD85-4EEC-BCF7-FC61EDFB1EB9}.Debug|Any CPU.ActiveCfg = Debug|Any CPU
		{8DFA2C08-AD85-4EEC-BCF7-FC61EDFB1EB9}.Debug|Any CPU.Build.0 = Debug|Any CPU
		{8DFA2C08-AD85-4EEC-BCF7-FC61EDFB1EB9}.Release|Any CPU.ActiveCfg = Release|Any CPU
		{8DFA2C08-AD85-4EEC-BCF7-FC61EDFB1EB9}.Release|Any CPU.Build.0 = Release|Any CPU
		{B1D65257-4404-45EE-A6D7-DFB8CDD79A67}.Debug|Any CPU.ActiveCfg = Debug|Any CPU
		{B1D65257-4404-45EE-A6D7-DFB8CDD79A67}.Debug|Any CPU.Build.0 = Debug|Any CPU
		{B1D65257-4404-45EE-A6D7-DFB8CDD79A67}.Release|Any CPU.ActiveCfg = Release|Any CPU
		{B1D65257-4404-45EE-A6D7-DFB8CDD79A67}.Release|Any CPU.Build.0 = Release|Any CPU
	EndGlobalSection
	GlobalSection(SolutionProperties) = preSolution
		HideSolutionNode = FALSE
	EndGlobalSection
	GlobalSection(ExtensibilityGlobals) = postSolution
		SolutionGuid = {3449322F-8B76-4112-B967-06BCE2A6A086}
	EndGlobalSection
EndGlobal
